
Microsoft Visual Studio Solution File, Format Version 12.00
# Visual Studio Version 17
VisualStudioVersion = 17.4.33103.184
MinimumVisualStudioVersion = 10.0.40219.1
Project("{9A19103F-16F7-4668-BE54-9A1E7A4F7556}") = "Biblioteca.Cliente.Api", "Biblioteca.Cliente.Api\Biblioteca.Cliente.Api.csproj", "{1D8DF347-7025-42B5-AB70-5AD0F4658E1E}"
EndProject
Project("{2150E333-8FDC-42A3-9474-1A3956D46DE8}") = "MS", "MS", "{DA529D97-045A-44FF-9F2A-4B59901EFA6D}"
EndProject
Project("{2150E333-8FDC-42A3-9474-1A3956D46DE8}") = "Cliente", "Cliente", "{90DE7C51-4820-4441-B9E5-F120AB47E9F6}"
EndProject
Project("{2150E333-8FDC-42A3-9474-1A3956D46DE8}") = "Usuarios", "Usuarios", "{DEDB70C9-6772-4972-BB07-BF50CAAA44F4}"
EndProject
Project("{9A19103F-16F7-4668-BE54-9A1E7A4F7556}") = "Biblioteca.Cliente.Dominio", "Biblioteca.Cliente.Dominio\Biblioteca.Cliente.Dominio.csproj", "{9E8184FE-092E-40A1-B5CE-92D7BF7CC256}"
EndProject
Project("{9A19103F-16F7-4668-BE54-9A1E7A4F7556}") = "Biblioteca.Cliente.Infraestructura", "Biblioteca.Cliente.Infraestructura\Biblioteca.Cliente.Infraestructura.csproj", "{6D57C424-39E4-4809-9DCB-9B3EB119BCC3}"
EndProject
Project("{9A19103F-16F7-4668-BE54-9A1E7A4F7556}") = "Biblioteca.Cliente.Aplicacion", "Biblioteca.Cliente.Aplicacion\Biblioteca.Cliente.Aplicacion.csproj", "{2881879D-D9F9-41F1-8399-CA20FB2DB3E3}"
EndProject
Project("{9A19103F-16F7-4668-BE54-9A1E7A4F7556}") = "Biblioteca.Usuario.Api", "Biblioteca.Usuario.Api\Biblioteca.Usuario.Api.csproj", "{0EA5A204-3601-4EE2-957A-5B245997EEB3}"
EndProject
Project("{9A19103F-16F7-4668-BE54-9A1E7A4F7556}") = "Biblioteca.Usuario.Aplicacion", "Biblioteca.Usuario.Aplicacion\Biblioteca.Usuario.Aplicacion.csproj", "{C1D47C9B-70CD-4503-A915-80A2E70E9EA1}"
EndProject
Project("{9A19103F-16F7-4668-BE54-9A1E7A4F7556}") = "Biblioteca.Usuario.Dominio", "Biblioteca.Usuario.Dominio\Biblioteca.Usuario.Dominio.csproj", "{3940CAD6-344A-4522-871E-CDB96C7B070B}"
EndProject
Project("{9A19103F-16F7-4668-BE54-9A1E7A4F7556}") = "Biblioteca.Usuario.Infraestructura", "Biblioteca.Usuario.Infraestructura\Biblioteca.Usuario.Infraestructura.csproj", "{4CC563A8-0420-419F-B9E9-4D96AA191909}"
EndProject
Project("{2150E333-8FDC-42A3-9474-1A3956D46DE8}") = "Libro", "Libro", "{DB271838-5D52-40E2-B6C9-EFD3DF3F60FF}"
EndProject
Project("{2150E333-8FDC-42A3-9474-1A3956D46DE8}") = "Prestamo", "Prestamo", "{5D3F7D3B-C3C6-40AC-9467-A9D189FD6CA2}"
EndProject
<<<<<<< HEAD
Project("{2150E333-8FDC-42A3-9474-1A3956D46DE8}") = "Autor", "Autor", "{BA595BB6-2051-492B-9CBB-E10953609760}"
=======
Project("{FAE04EC0-301F-11D3-BF4B-00C04F79EFBC}") = "Biblioteca.Libro.Api", "Biblioteca.Libro.Api\Biblioteca.Libro.Api.csproj", "{414568CE-BA4B-4ADC-87F3-B9C195184689}"
EndProject
Project("{FAE04EC0-301F-11D3-BF4B-00C04F79EFBC}") = "Biblioteca.Libro.Aplicacion", "Biblioteca.Libro.Aplicacion\Biblioteca.Libro.Aplicacion.csproj", "{739AD30C-6E84-4B5A-9D81-A507A991728E}"
EndProject
Project("{FAE04EC0-301F-11D3-BF4B-00C04F79EFBC}") = "Biblioteca.Libro.Dominio", "Biblioteca,Libro.Dominio\Biblioteca.Libro.Dominio.csproj", "{83C971D7-8758-40C7-B68C-2A4F4540A30A}"
EndProject
Project("{FAE04EC0-301F-11D3-BF4B-00C04F79EFBC}") = "Biblioteca.Libro.Infraestructura", "Biblioteca.Libro.Infraestructura\Biblioteca.Libro.Infraestructura.csproj", "{B59B9832-098C-4C0E-942E-CC97658F63F9}"
>>>>>>> 712a981d58f9b4bcfc0f61004ec0ed74db2edbb0
EndProject
Global
	GlobalSection(SolutionConfigurationPlatforms) = preSolution
		Debug|Any CPU = Debug|Any CPU
		Release|Any CPU = Release|Any CPU
	EndGlobalSection
	GlobalSection(ProjectConfigurationPlatforms) = postSolution
		{1D8DF347-7025-42B5-AB70-5AD0F4658E1E}.Debug|Any CPU.ActiveCfg = Debug|Any CPU
		{1D8DF347-7025-42B5-AB70-5AD0F4658E1E}.Debug|Any CPU.Build.0 = Debug|Any CPU
		{1D8DF347-7025-42B5-AB70-5AD0F4658E1E}.Release|Any CPU.ActiveCfg = Release|Any CPU
		{1D8DF347-7025-42B5-AB70-5AD0F4658E1E}.Release|Any CPU.Build.0 = Release|Any CPU
		{9E8184FE-092E-40A1-B5CE-92D7BF7CC256}.Debug|Any CPU.ActiveCfg = Debug|Any CPU
		{9E8184FE-092E-40A1-B5CE-92D7BF7CC256}.Debug|Any CPU.Build.0 = Debug|Any CPU
		{9E8184FE-092E-40A1-B5CE-92D7BF7CC256}.Release|Any CPU.ActiveCfg = Release|Any CPU
		{9E8184FE-092E-40A1-B5CE-92D7BF7CC256}.Release|Any CPU.Build.0 = Release|Any CPU
		{6D57C424-39E4-4809-9DCB-9B3EB119BCC3}.Debug|Any CPU.ActiveCfg = Debug|Any CPU
		{6D57C424-39E4-4809-9DCB-9B3EB119BCC3}.Debug|Any CPU.Build.0 = Debug|Any CPU
		{6D57C424-39E4-4809-9DCB-9B3EB119BCC3}.Release|Any CPU.ActiveCfg = Release|Any CPU
		{6D57C424-39E4-4809-9DCB-9B3EB119BCC3}.Release|Any CPU.Build.0 = Release|Any CPU
		{2881879D-D9F9-41F1-8399-CA20FB2DB3E3}.Debug|Any CPU.ActiveCfg = Debug|Any CPU
		{2881879D-D9F9-41F1-8399-CA20FB2DB3E3}.Debug|Any CPU.Build.0 = Debug|Any CPU
		{2881879D-D9F9-41F1-8399-CA20FB2DB3E3}.Release|Any CPU.ActiveCfg = Release|Any CPU
		{2881879D-D9F9-41F1-8399-CA20FB2DB3E3}.Release|Any CPU.Build.0 = Release|Any CPU
		{0EA5A204-3601-4EE2-957A-5B245997EEB3}.Debug|Any CPU.ActiveCfg = Debug|Any CPU
		{0EA5A204-3601-4EE2-957A-5B245997EEB3}.Debug|Any CPU.Build.0 = Debug|Any CPU
		{0EA5A204-3601-4EE2-957A-5B245997EEB3}.Release|Any CPU.ActiveCfg = Release|Any CPU
		{0EA5A204-3601-4EE2-957A-5B245997EEB3}.Release|Any CPU.Build.0 = Release|Any CPU
		{C1D47C9B-70CD-4503-A915-80A2E70E9EA1}.Debug|Any CPU.ActiveCfg = Debug|Any CPU
		{C1D47C9B-70CD-4503-A915-80A2E70E9EA1}.Debug|Any CPU.Build.0 = Debug|Any CPU
		{C1D47C9B-70CD-4503-A915-80A2E70E9EA1}.Release|Any CPU.ActiveCfg = Release|Any CPU
		{C1D47C9B-70CD-4503-A915-80A2E70E9EA1}.Release|Any CPU.Build.0 = Release|Any CPU
		{3940CAD6-344A-4522-871E-CDB96C7B070B}.Debug|Any CPU.ActiveCfg = Debug|Any CPU
		{3940CAD6-344A-4522-871E-CDB96C7B070B}.Debug|Any CPU.Build.0 = Debug|Any CPU
		{3940CAD6-344A-4522-871E-CDB96C7B070B}.Release|Any CPU.ActiveCfg = Release|Any CPU
		{3940CAD6-344A-4522-871E-CDB96C7B070B}.Release|Any CPU.Build.0 = Release|Any CPU
		{4CC563A8-0420-419F-B9E9-4D96AA191909}.Debug|Any CPU.ActiveCfg = Debug|Any CPU
		{4CC563A8-0420-419F-B9E9-4D96AA191909}.Debug|Any CPU.Build.0 = Debug|Any CPU
		{4CC563A8-0420-419F-B9E9-4D96AA191909}.Release|Any CPU.ActiveCfg = Release|Any CPU
		{4CC563A8-0420-419F-B9E9-4D96AA191909}.Release|Any CPU.Build.0 = Release|Any CPU
		{414568CE-BA4B-4ADC-87F3-B9C195184689}.Debug|Any CPU.ActiveCfg = Debug|Any CPU
		{414568CE-BA4B-4ADC-87F3-B9C195184689}.Debug|Any CPU.Build.0 = Debug|Any CPU
		{414568CE-BA4B-4ADC-87F3-B9C195184689}.Release|Any CPU.ActiveCfg = Release|Any CPU
		{414568CE-BA4B-4ADC-87F3-B9C195184689}.Release|Any CPU.Build.0 = Release|Any CPU
		{739AD30C-6E84-4B5A-9D81-A507A991728E}.Debug|Any CPU.ActiveCfg = Debug|Any CPU
		{739AD30C-6E84-4B5A-9D81-A507A991728E}.Debug|Any CPU.Build.0 = Debug|Any CPU
		{739AD30C-6E84-4B5A-9D81-A507A991728E}.Release|Any CPU.ActiveCfg = Release|Any CPU
		{739AD30C-6E84-4B5A-9D81-A507A991728E}.Release|Any CPU.Build.0 = Release|Any CPU
		{83C971D7-8758-40C7-B68C-2A4F4540A30A}.Debug|Any CPU.ActiveCfg = Debug|Any CPU
		{83C971D7-8758-40C7-B68C-2A4F4540A30A}.Debug|Any CPU.Build.0 = Debug|Any CPU
		{83C971D7-8758-40C7-B68C-2A4F4540A30A}.Release|Any CPU.ActiveCfg = Release|Any CPU
		{83C971D7-8758-40C7-B68C-2A4F4540A30A}.Release|Any CPU.Build.0 = Release|Any CPU
		{B59B9832-098C-4C0E-942E-CC97658F63F9}.Debug|Any CPU.ActiveCfg = Debug|Any CPU
		{B59B9832-098C-4C0E-942E-CC97658F63F9}.Debug|Any CPU.Build.0 = Debug|Any CPU
		{B59B9832-098C-4C0E-942E-CC97658F63F9}.Release|Any CPU.ActiveCfg = Release|Any CPU
		{B59B9832-098C-4C0E-942E-CC97658F63F9}.Release|Any CPU.Build.0 = Release|Any CPU
	EndGlobalSection
	GlobalSection(SolutionProperties) = preSolution
		HideSolutionNode = FALSE
	EndGlobalSection
	GlobalSection(NestedProjects) = preSolution
		{1D8DF347-7025-42B5-AB70-5AD0F4658E1E} = {90DE7C51-4820-4441-B9E5-F120AB47E9F6}
		{90DE7C51-4820-4441-B9E5-F120AB47E9F6} = {DA529D97-045A-44FF-9F2A-4B59901EFA6D}
		{DEDB70C9-6772-4972-BB07-BF50CAAA44F4} = {DA529D97-045A-44FF-9F2A-4B59901EFA6D}
		{9E8184FE-092E-40A1-B5CE-92D7BF7CC256} = {90DE7C51-4820-4441-B9E5-F120AB47E9F6}
		{6D57C424-39E4-4809-9DCB-9B3EB119BCC3} = {90DE7C51-4820-4441-B9E5-F120AB47E9F6}
		{2881879D-D9F9-41F1-8399-CA20FB2DB3E3} = {90DE7C51-4820-4441-B9E5-F120AB47E9F6}
		{0EA5A204-3601-4EE2-957A-5B245997EEB3} = {DEDB70C9-6772-4972-BB07-BF50CAAA44F4}
		{C1D47C9B-70CD-4503-A915-80A2E70E9EA1} = {DEDB70C9-6772-4972-BB07-BF50CAAA44F4}
		{3940CAD6-344A-4522-871E-CDB96C7B070B} = {DEDB70C9-6772-4972-BB07-BF50CAAA44F4}
		{4CC563A8-0420-419F-B9E9-4D96AA191909} = {DEDB70C9-6772-4972-BB07-BF50CAAA44F4}
		{DB271838-5D52-40E2-B6C9-EFD3DF3F60FF} = {DA529D97-045A-44FF-9F2A-4B59901EFA6D}
		{5D3F7D3B-C3C6-40AC-9467-A9D189FD6CA2} = {DA529D97-045A-44FF-9F2A-4B59901EFA6D}
		{414568CE-BA4B-4ADC-87F3-B9C195184689} = {DB271838-5D52-40E2-B6C9-EFD3DF3F60FF}
		{739AD30C-6E84-4B5A-9D81-A507A991728E} = {DB271838-5D52-40E2-B6C9-EFD3DF3F60FF}
		{83C971D7-8758-40C7-B68C-2A4F4540A30A} = {DB271838-5D52-40E2-B6C9-EFD3DF3F60FF}
		{B59B9832-098C-4C0E-942E-CC97658F63F9} = {DB271838-5D52-40E2-B6C9-EFD3DF3F60FF}
	EndGlobalSection
	GlobalSection(ExtensibilityGlobals) = postSolution
		SolutionGuid = {D0C8402C-7896-4B33-B93C-8FAB2DCF2482}
	EndGlobalSection
EndGlobal
